Microsoft Visual Studio Solution File, Format Version 12.00
# Visual Studio Version 17
VisualStudioVersion = 17.5.2.0
MinimumVisualStudioVersion = 10.0.40219.1
Project("{FAE04EC0-301F-11D3-BF4B-00C04F79EFBC}") = "UraniumExpanded", "UraniumExpanded.csproj", "{7D2F4003-FD2A-2D28-3326-254D897A6A88}"
EndProject
Global
	GlobalSection(SolutionConfigurationPlatforms) = preSolution
		Debug|Any CPU = Debug|Any CPU
		Release|Any CPU = Release|Any CPU
	EndGlobalSection
	GlobalSection(ProjectConfigurationPlatforms) = postSolution
		{7D2F4003-FD2A-2D28-3326-254D897A6A88}.Debug|Any CPU.ActiveCfg = Debug|Any CPU
		{7D2F4003-FD2A-2D28-3326-254D897A6A88}.Debug|Any CPU.Build.0 = Debug|Any CPU
		{7D2F4003-FD2A-2D28-3326-254D897A6A88}.Release|Any CPU.ActiveCfg = Release|Any CPU
		{7D2F4003-FD2A-2D28-3326-254D897A6A88}.Release|Any CPU.Build.0 = Release|Any CPU
	EndGlobalSection
	GlobalSection(SolutionProperties) = preSolution
		HideSolutionNode = FALSE
	EndGlobalSection
	GlobalSection(ExtensibilityGlobals) = postSolution
		SolutionGuid = {9FEEB837-350D-44B3-A084-79954904CB3E}
	EndGlobalSection
EndGlobal
